// !$*UTF8*$!
{
	archiveVersion = 1;
	classes = {
	};
	objectVersion = 50;
	objects = {

/* Begin PBXBuildFile section */
		6B32A4412230624E0066AD00 /* AppDelegate.swift in Sources */ = {isa = PBXBuildFile; fileRef = 6B32A4402230624E0066AD00 /* AppDelegate.swift */; };
		6B32A4432230624E0066AD00 /* ViewController.swift in Sources */ = {isa = PBXBuildFile; fileRef = 6B32A4422230624E0066AD00 /* ViewController.swift */; };
		6B32A4462230624E0066AD00 /* Main.storyboard in Resources */ = {isa = PBXBuildFile; fileRef = 6B32A4442230624E0066AD00 /* Main.storyboard */; };
		6B32A4492230624E0066AD00 /* Table_Cells.xcdatamodeld in Sources */ = {isa = PBXBuildFile; fileRef = 6B32A4472230624E0066AD00 /* Table_Cells.xcdatamodeld */; };
		6B32A44B2230624F0066AD00 /* Assets.xcassets in Resources */ = {isa = PBXBuildFile; fileRef = 6B32A44A2230624F0066AD00 /* Assets.xcassets */; };
		6B32A44E2230624F0066AD00 /* LaunchScreen.storyboard in Resources */ = {isa = PBXBuildFile; fileRef = 6B32A44C2230624F0066AD00 /* LaunchScreen.storyboard */; };
		6B32A45A2230857E0066AD00 /* NameAndColorCell.swift in Sources */ = {isa = PBXBuildFile; fileRef = 6B32A4592230857E0066AD00 /* NameAndColorCell.swift */; };
		6B32A45C2230AED10066AD00 /* NameAndColorCell.xib in Resources */ = {isa = PBXBuildFile; fileRef = 6B32A45B2230AED10066AD00 /* NameAndColorCell.xib */; };
/* End PBXBuildFile section */

/* Begin PBXFileReference section */
		6B32A43D2230624E0066AD00 /* Table Cells.app */ = {isa = PBXFileReference; explicitFileType = wrapper.application; includeInIndex = 0; path = "Table Cells.app"; sourceTree = BUILT_PRODUCTS_DIR; };
		6B32A4402230624E0066AD00 /* AppDelegate.swift */ = {isa = PBXFileReference; lastKnownFileType = sourcecode.swift; path = AppDelegate.swift; sourceTree = "<group>"; };
		6B32A4422230624E0066AD00 /* ViewController.swift */ = {isa = PBXFileReference; lastKnownFileType = sourcecode.swift; path = ViewController.swift; sourceTree = "<group>"; };
		6B32A4452230624E0066AD00 /* Base */ = {isa = PBXFileReference; lastKnownFileType = file.storyboard; name = Base; path = Base.lproj/Main.storyboard; sourceTree = "<group>"; };
		6B32A4482230624E0066AD00 /* Table_Cells.xcdatamodel */ = {isa = PBXFileReference; lastKnownFileType = wrapper.xcdatamodel; path = Table_Cells.xcdatamodel; sourceTree = "<group>"; };
		6B32A44A2230624F0066AD00 /* Assets.xcassets */ = {isa = PBXFileReference; lastKnownFileType = folder.assetcatalog; path = Assets.xcassets; sourceTree = "<group>"; };
		6B32A44D2230624F0066AD00 /* Base */ = {isa = PBXFileReference; lastKnownFileType = file.storyboard; name = Base; path = Base.lproj/LaunchScreen.storyboard; sourceTree = "<group>"; };
		6B32A44F2230624F0066AD00 /* Info.plist */ = {isa = PBXFileReference; lastKnownFileType = text.plist.xml; path = Info.plist; sourceTree = "<group>"; };
		6B32A4592230857E0066AD00 /* NameAndColorCell.swift */ = {isa = PBXFileReference; lastKnownFileType = sourcecode.swift; name = NameAndColorCell.swift; path = ../NameAndColorCell.swift; sourceTree = "<group>"; };
		6B32A45B2230AED10066AD00 /* NameAndColorCell.xib */ = {isa = PBXFileReference; lastKnownFileType = file.xib; path = NameAndColorCell.xib; sourceTree = "<group>"; };
/* End PBXFileReference section */

/* Begin PBXFrameworksBuildPhase section */
		6B32A43A2230624E0066AD00 /* Frameworks */ = {
			isa = PBXFrameworksBuildPhase;
			buildActionMask = 2147483647;
			files = (
			);
			runOnlyForDeploymentPostprocessing = 0;
		};
/* End PBXFrameworksBuildPhase section */

/* Begin PBXGroup section */
		6B32A4342230624E0066AD00 = {
			isa = PBXGroup;
			children = (
				6B32A43F2230624E0066AD00 /* Table Cells */,
				6B32A43E2230624E0066AD00 /* Products */,
			);
			sourceTree = "<group>";
		};
		6B32A43E2230624E0066AD00 /* Products */ = {
			isa = PBXGroup;
			children = (
				6B32A43D2230624E0066AD00 /* Table Cells.app */,
			);
			name = Products;
			sourceTree = "<group>";
		};
		6B32A43F2230624E0066AD00 /* Table Cells */ = {
			isa = PBXGroup;
			children = (
				6B32A4592230857E0066AD00 /* NameAndColorCell.swift */,
				6B32A4402230624E0066AD00 /* AppDelegate.swift */,
				6B32A4422230624E0066AD00 /* ViewController.swift */,
				6B32A4442230624E0066AD00 /* Main.storyboard */,
				6B32A44A2230624F0066AD00 /* Assets.xcassets */,
				6B32A44C2230624F0066AD00 /* LaunchScreen.storyboard */,
				6B32A44F2230624F0066AD00 /* Info.plist */,
				6B32A4472230624E0066AD00 /* Table_Cells.xcdatamodeld */,
				6B32A45B2230AED10066AD00 /* NameAndColorCell.xib */,
			);
			path = "Table Cells";
			sourceTree = "<group>";
		};
/* End PBXGroup section */

/* Begin PBXNativeTarget section */
		6B32A43C2230624E0066AD00 /* Table Cells */ = {
			isa = PBXNativeTarget;
			buildConfigurationList = 6B32A4522230624F0066AD00 /* Build configuration list for PBXNativeTarget "Table Cells" */;
			buildPhases = (
				6B32A4392230624E0066AD00 /* Sources */,
				6B32A43A2230624E0066AD00 /* Frameworks */,
				6B32A43B2230624E0066AD00 /* Resources */,
			);
			buildRules = (
			);
			dependencies = (
			);
			name = "Table Cells";
			productName = "Table Cells";
			productReference = 6B32A43D2230624E0066AD00 /* Table Cells.app */;
			productType = "com.apple.product-type.application";
		};
/* End PBXNativeTarget section */

/* Begin PBXProject section */
		6B32A4352230624E0066AD00 /* Project object */ = {
			isa = PBXProject;
			attributes = {
				LastSwiftUpdateCheck = 1010;
				LastUpgradeCheck = 1010;
				ORGANIZATIONNAME = "Brian Wawczak";
				TargetAttributes = {
					6B32A43C2230624E0066AD00 = {
						CreatedOnToolsVersion = 10.1;
					};
				};
			};
			buildConfigurationList = 6B32A4382230624E0066AD00 /* Build configuration list for PBXProject "Table Cells" */;
			compatibilityVersion = "Xcode 9.3";
			developmentRegion = en;
			hasScannedForEncodings = 0;
			knownRegions = (
				en,
				Base,
			);
			mainGroup = 6B32A4342230624E0066AD00;
			productRefGroup = 6B32A43E2230624E0066AD00 /* Products */;
			projectDirPath = "";
			projectRoot = "";
			targets = (
				6B32A43C2230624E0066AD00 /* Table Cells */,
			);
		};
/* End PBXProject section */

/* Begin PBXResourcesBuildPhase section */
		6B32A43B2230624E0066AD00 /* Resources */ = {
			isa = PBXResourcesBuildPhase;
			buildActionMask = 2147483647;
			files = (
				6B32A45C2230AED10066AD00 /* NameAndColorCell.xib in Resources */,
				6B32A44E2230624F0066AD00 /* LaunchScreen.storyboard in Resources */,
				6B32A44B2230624F0066AD00 /* Assets.xcassets in Resources */,
				6B32A4462230624E0066AD00 /* Main.storyboard in Resources */,
			);
			runOnlyForDeploymentPostprocessing = 0;
		};
/* End PBXResourcesBuildPhase section */

/* Begin PBXSourcesBuildPhase section */
		6B32A4392230624E0066AD00 /* Sources */ = {
			isa = PBXSourcesBuildPhase;
			buildActionMask = 2147483647;
			files = (
				6B32A45A2230857E0066AD00 /* NameAndColorCell.swift in Sources */,
				6B32A4492230624E0066AD00 /* Table_Cells.xcdatamodeld in Sources */,
				6B32A4432230624E0066AD00 /* ViewController.swift in Sources */,
				6B32A4412230624E0066AD00 /* AppDelegate.swift in Sources */,
			);
			runOnlyForDeploymentPostprocessing = 0;
		};
/* End PBXSourcesBuildPhase section */

/* Begin PBXVariantGroup section */
		6B32A4442230624E0066AD00 /* Main.storyboard */ = {
			isa = PBXVariantGroup;
			children = (
				6B32A4452230624E0066AD00 /* Base */,
			);
			name = Main.storyboard;
			sourceTree = "<group>";
		};
		6B32A44C2230624F0066AD00 /* LaunchScreen.storyboard */ = {
			isa = PBXVariantGroup;
			children = (
				6B32A44D2230624F0066AD00 /* Base */,
			);
			name = LaunchScreen.storyboard;
			sourceTree = "<group>";
		};
/* End PBXVariantGroup section */

/* Begin XCBuildConfiguration section */
		6B32A4502230624F0066AD00 /* Debug */ = {
			isa = XCBuildConfiguration;
			buildSettings = {
				ALWAYS_SEARCH_USER_PATHS = NO;
				CLANG_ANALYZER_NONNULL = YES;
				CLANG_ANALYZER_NUMBER_OBJECT_CONVERSION = YES_AGGRESSIVE;
				CLANG_CXX_LANGUAGE_STANDARD = "gnu++14";
				CLANG_CXX_LIBRARY = "libc++";
				CLANG_ENABLE_MODULES = YES;
				CLANG_ENABLE_OBJC_ARC = YES;
				CLANG_ENABLE_OBJC_WEAK = YES;
				CLANG_WARN_BLOCK_CAPTURE_AUTORELEASING = YES;
				CLANG_WARN_BOOL_CONVERSION = YES;
				CLANG_WARN_COMMA = YES;
				CLANG_WARN_CONSTANT_CONVERSION = YES;
				CLANG_WARN_DEPRECATED_OBJC_IMPLEMENTATIONS = YES;
				CLANG_WARN_DIRECT_OBJC_ISA_USAGE = YES_ERROR;
				CLANG_WARN_DOCUMENTATION_COMMENTS = YES;
				CLANG_WARN_EMPTY_BODY = YES;
				CLANG_WARN_ENUM_CONVERSION = YES;
				CLANG_WARN_INFINITE_RECURSION = YES;
				CLANG_WARN_INT_CONVERSION = YES;
				CLANG_WARN_NON_LITERAL_NULL_CONVERSION = YES;
				CLANG_WARN_OBJC_IMPLICIT_RETAIN_SELF = YES;
				CLANG_WARN_OBJC_LITERAL_CONVERSION = YES;
				CLANG_WARN_OBJC_ROOT_CLASS = YES_ERROR;
				CLANG_WARN_RANGE_LOOP_ANALYSIS = YES;
				CLANG_WARN_STRICT_PROTOTYPES = YES;
				CLANG_WARN_SUSPICIOUS_MOVE = YES;
				CLANG_WARN_UNGUARDED_AVAILABILITY = YES_AGGRESSIVE;
				CLANG_WARN_UNREACHABLE_CODE = YES;
				CLANG_WARN__DUPLICATE_METHOD_MATCH = YES;
				CODE_SIGN_IDENTITY = "iPhone Developer";
				COPY_PHASE_STRIP = NO;
				DEBUG_INFORMATION_FORMAT = dwarf;
				ENABLE_STRICT_OBJC_MSGSEND = YES;
				ENABLE_TESTABILITY = YES;
				GCC_C_LANGUAGE_STANDARD = gnu11;
				GCC_DYNAMIC_NO_PIC = NO;
				GCC_NO_COMMON_BLOCKS = YES;
				GCC_OPTIMIZATION_LEVEL = 0;
				GCC_PREPROCESSOR_DEFINITIONS = (
					"DEBUG=1",
					"$(inherited)",
				);
				GCC_WARN_64_TO_32_BIT_CONVERSION = YES;
				GCC_WARN_ABOUT_RETURN_TYPE = YES_ERROR;
				GCC_WARN_UNDECLARED_SELECTOR = YES;
				GCC_WARN_UNINITIALIZED_AUTOS = YES_AGGRESSIVE;
				GCC_WARN_UNUSED_FUNCTION = YES;
				GCC_WARN_UNUSED_VARIABLE = YES;
				IPHONEOS_DEPLOYMENT_TARGET = 12.1;
				MTL_ENABLE_DEBUG_INFO = INCLUDE_SOURCE;
				MTL_FAST_MATH = YES;
				ONLY_ACTIVE_ARCH = YES;
				SDKROOT = iphoneos;
				SWIFT_ACTIVE_COMPILATION_CONDITIONS = DEBUG;
				SWIFT_OPTIMIZATION_LEVEL = "-Onone";
			};
			name = Debug;
		};
		6B32A4512230624F0066AD00 /* Release */ = {
			isa = XCBuildConfiguration;
			buildSettings = {
				ALWAYS_SEARCH_USER_PATHS = NO;
				CLANG_ANALYZER_NONNULL = YES;
				CLANG_ANALYZER_NUMBER_OBJECT_CONVERSION = YES_AGGRESSIVE;
				CLANG_CXX_LANGUAGE_STANDARD = "gnu++14";
				CLANG_CXX_LIBRARY = "libc++";
				CLANG_ENABLE_MODULES = YES;
				CLANG_ENABLE_OBJC_ARC = YES;
				CLANG_ENABLE_OBJC_WEAK = YES;
				CLANG_WARN_BLOCK_CAPTURE_AUTORELEASING = YES;
				CLANG_WARN_BOOL_CONVERSION = YES;
				CLANG_WARN_COMMA = YES;
				CLANG_WARN_CONSTANT_CONVERSION = YES;
				CLANG_WARN_DEPRECATED_OBJC_IMPLEMENTATIONS = YES;
				CLANG_WARN_DIRECT_OBJC_ISA_USAGE = YES_ERROR;
				CLANG_WARN_DOCUMENTATION_COMMENTS = YES;
				CLANG_WARN_EMPTY_BODY = YES;
				CLANG_WARN_ENUM_CONVERSION = YES;
				CLANG_WARN_INFINITE_RECURSION = YES;
				CLANG_WARN_INT_CONVERSION = YES;
				CLANG_WARN_NON_LITERAL_NULL_CONVERSION = YES;
				CLANG_WARN_OBJC_IMPLICIT_RETAIN_SELF = YES;
				CLANG_WARN_OBJC_LITERAL_CONVERSION = YES;
				CLANG_WARN_OBJC_ROOT_CLASS = YES_ERROR;
				CLANG_WARN_RANGE_LOOP_ANALYSIS = YES;
				CLANG_WARN_STRICT_PROTOTYPES = YES;
				CLANG_WARN_SUSPICIOUS_MOVE = YES;
				CLANG_WARN_UNGUARDED_AVAILABILITY = YES_AGGRESSIVE;
				CLANG_WARN_UNREACHABLE_CODE = YES;
				CLANG_WARN__DUPLICATE_METHOD_MATCH = YES;
				CODE_SIGN_IDENTITY = "iPhone Developer";
				COPY_PHASE_STRIP = NO;
				DEBUG_INFORMATION_FORMAT = "dwarf-with-dsym";
				ENABLE_NS_ASSERTIONS = NO;
				ENABLE_STRICT_OBJC_MSGSEND = YES;
				GCC_C_LANGUAGE_STANDARD = gnu11;
				GCC_NO_COMMON_BLOCKS = YES;
				GCC_WARN_64_TO_32_BIT_CONVERSION = YES;
				GCC_WARN_ABOUT_RETURN_TYPE = YES_ERROR;
				GCC_WARN_UNDECLARED_SELECTOR = YES;
				GCC_WARN_UNINITIALIZED_AUTOS = YES_AGGRESSIVE;
				GCC_WARN_UNUSED_FUNCTION = YES;
				GCC_WARN_UNUSED_VARIABLE = YES;
				IPHONEOS_DEPLOYMENT_TARGET = 12.1;
				MTL_ENABLE_DEBUG_INFO = NO;
				MTL_FAST_MATH = YES;
				SDKROOT = iphoneos;
				SWIFT_COMPILATION_MODE = wholemodule;
				SWIFT_OPTIMIZATION_LEVEL = "-O";
				VALIDATE_PRODUCT = YES;
			};
			name = Release;
		};
		6B32A4532230624F0066AD00 /* Debug */ = {
			isa = XCBuildConfiguration;
			buildSettings = {
				ASSETCATALOG_COMPILER_APPICON_NAME = AppIcon;
				CODE_SIGN_STYLE = Automatic;
				DEVELOPMENT_TEAM = VLL5PXFDUH;
				INFOPLIST_FILE = "Table Cells/Info.plist";
				LD_RUNPATH_SEARCH_PATHS = (
					"$(inherited)",
					"@executable_path/Frameworks",
				);
				PRODUCT_BUNDLE_IDENTIFIER = "com.brianwawczak.Table-Cells";
				PRODUCT_NAME = "$(TARGET_NAME)";
				SWIFT_VERSION = 4.2;
				TARGETED_DEVICE_FAMILY = "1,2";
			};
			name = Debug;
		};
		6B32A4542230624F0066AD00 /* Release */ = {
			isa = XCBuildConfiguration;
			buildSettings = {
				ASSETCATALOG_COMPILER_APPICON_NAME = AppIcon;
				CODE_SIGN_STYLE = Automatic;
				DEVELOPMENT_TEAM = VLL5PXFDUH;
				INFOPLIST_FILE = "Table Cells/Info.plist";
				LD_RUNPATH_SEARCH_PATHS = (
					"$(inherited)",
					"@executable_path/Frameworks",
				);
				PRODUCT_BUNDLE_IDENTIFIER = "com.brianwawczak.Table-Cells";
				PRODUCT_NAME = "$(TARGET_NAME)";
				SWIFT_VERSION = 4.2;
				TARGETED_DEVICE_FAMILY = "1,2";
			};
			name = Release;
		};
/* End XCBuildConfiguration section */

/* Begin XCConfigurationList section */
		6B32A4382230624E0066AD00 /* Build configuration list for PBXProject "Table Cells" */ = {
			isa = XCConfigurationList;
			buildConfigurations = (
				6B32A4502230624F0066AD00 /* Debug */,
				6B32A4512230624F0066AD00 /* Release */,
			);
			defaultConfigurationIsVisible = 0;
			defaultConfigurationName = Release;
		};
		6B32A4522230624F0066AD00 /* Build configuration list for PBXNativeTarget "Table Cells" */ = {
			isa = XCConfigurationList;
			buildConfigurations = (
				6B32A4532230624F0066AD00 /* Debug */,
				6B32A4542230624F0066AD00 /* Release */,
			);
			defaultConfigurationIsVisible = 0;
			defaultConfigurationName = Release;
		};
/* End XCConfigurationList section */

/* Begin XCVersionGroup section */
		6B32A4472230624E0066AD00 /* Table_Cells.xcdatamodeld */ = {
			isa = XCVersionGroup;
			children = (
				6B32A4482230624E0066AD00 /* Table_Cells.xcdatamodel */,
			);
			currentVersion = 6B32A4482230624E0066AD00 /* Table_Cells.xcdatamodel */;
			path = Table_Cells.xcdatamodeld;
			sourceTree = "<group>";
			versionGroupType = wrapper.xcdatamodel;
		};
/* End XCVersionGroup section */
	};
	rootObject = 6B32A4352230624E0066AD00 /* Project object */;
}
